
Microsoft Visual Studio Solution File, Format Version 12.00
# Visual Studio 15
VisualStudioVersion = 15.0.27130.2027
MinimumVisualStudioVersion = 10.0.40219.1
Project("{8BC9CEB8-8B4A-11D0-8D11-00A0C91BC942}") = "Proyecto_Carro", "Proyecto_Carro\Proyecto_Carro.vcxproj", "{79E9A5E0-62AB-4C9B-9ECB-F7064E741EEB}"
EndProject
Global
	GlobalSection(SolutionConfigurationPlatforms) = preSolution
		Debug|x64 = Debug|x64
		Debug|x86 = Debug|x86
		Release|x64 = Release|x64
		Release|x86 = Release|x86
	EndGlobalSection
	GlobalSection(ProjectConfigurationPlatforms) = postSolution
		{79E9A5E0-62AB-4C9B-9ECB-F7064E741EEB}.Debug|x64.ActiveCfg = Debug|x64
		{79E9A5E0-62AB-4C9B-9ECB-F7064E741EEB}.Debug|x64.Build.0 = Debug|x64
		{79E9A5E0-62AB-4C9B-9ECB-F7064E741EEB}.Debug|x86.ActiveCfg = Debug|Win32
		{79E9A5E0-62AB-4C9B-9ECB-F7064E741EEB}.Debug|x86.Build.0 = Debug|Win32
		{79E9A5E0-62AB-4C9B-9ECB-F7064E741EEB}.Release|x64.ActiveCfg = Release|x64
		{79E9A5E0-62AB-4C9B-9ECB-F7064E741EEB}.Release|x64.Build.0 = Release|x64
		{79E9A5E0-62AB-4C9B-9ECB-F7064E741EEB}.Release|x86.ActiveCfg = Release|Win32
		{79E9A5E0-62AB-4C9B-9ECB-F7064E741EEB}.Release|x86.Build.0 = Release|Win32
	EndGlobalSection
	GlobalSection(SolutionProperties) = preSolution
		HideSolutionNode = FALSE
	EndGlobalSection
	GlobalSection(ExtensibilityGlobals) = postSolution
		SolutionGuid = {A82A4986-3528-4A94-B5F5-D6293CAE80E7}
	EndGlobalSection
EndGlobal
